
Microsoft Visual Studio Solution File, Format Version 12.00
# Visual Studio 15
Project("{FAE04EC0-301F-11D3-BF4B-00C04F79EFBC}") = "Leap Motion4.4", "Leap Motion4.4.csproj", "{FEAEDC89-F279-3D93-92B7-B8E6BB6F94D5}"
EndProject
Project("{FAE04EC0-301F-11D3-BF4B-00C04F79EFBC}") = "Leap Motion4.4.Editor", "Leap Motion4.4.Editor.csproj", "{A107EFA4-F3C6-A30F-4CE5-59EFDD2C6A5D}"
EndProject
Global
	GlobalSection(SolutionConfigurationPlatforms) = preSolution
		Debug|Any CPU = Debug|Any CPU
		Release|Any CPU = Release|Any CPU
	EndGlobalSection
	GlobalSection(ProjectConfigurationPlatforms) = postSolution
		{FEAEDC89-F279-3D93-92B7-B8E6BB6F94D5}.Debug|Any CPU.ActiveCfg = Debug|Any CPU
		{FEAEDC89-F279-3D93-92B7-B8E6BB6F94D5}.Debug|Any CPU.Build.0 = Debug|Any CPU
		{FEAEDC89-F279-3D93-92B7-B8E6BB6F94D5}.Release|Any CPU.ActiveCfg = Release|Any CPU
		{FEAEDC89-F279-3D93-92B7-B8E6BB6F94D5}.Release|Any CPU.Build.0 = Release|Any CPU
		{A107EFA4-F3C6-A30F-4CE5-59EFDD2C6A5D}.Debug|Any CPU.ActiveCfg = Debug|Any CPU
		{A107EFA4-F3C6-A30F-4CE5-59EFDD2C6A5D}.Debug|Any CPU.Build.0 = Debug|Any CPU
		{A107EFA4-F3C6-A30F-4CE5-59EFDD2C6A5D}.Release|Any CPU.ActiveCfg = Release|Any CPU
		{A107EFA4-F3C6-A30F-4CE5-59EFDD2C6A5D}.Release|Any CPU.Build.0 = Release|Any CPU
	EndGlobalSection
	GlobalSection(SolutionProperties) = preSolution
		HideSolutionNode = FALSE
	EndGlobalSection
EndGlobal
